
Microsoft Visual Studio Solution File, Format Version 12.00
# Visual Studio 15
VisualStudioVersion = 15.0.27004.2009
MinimumVisualStudioVersion = 10.0.40219.1
Project("{FAE04EC0-301F-11D3-BF4B-00C04F79EFBC}") = "Scombroid.Smash", "Scombroid.Smash\Scombroid.Smash.csproj", "{E5D406D2-BE48-443F-8A64-EBD7DA1E7850}"
EndProject
Project("{FAE04EC0-301F-11D3-BF4B-00C04F79EFBC}") = "Scombroid.Smash.Tests", "Scombroid.Smash.Tests\Scombroid.Smash.Tests.csproj", "{817D6B2D-F103-4D17-8F29-ADA07C5D66C3}"
EndProject
Global
	GlobalSection(SolutionConfigurationPlatforms) = preSolution
		Debug|Any CPU = Debug|Any CPU
		Release|Any CPU = Release|Any CPU
	EndGlobalSection
	GlobalSection(ProjectConfigurationPlatforms) = postSolution
		{E5D406D2-BE48-443F-8A64-EBD7DA1E7850}.Debug|Any CPU.ActiveCfg = Debug|Any CPU
		{E5D406D2-BE48-443F-8A64-EBD7DA1E7850}.Debug|Any CPU.Build.0 = Debug|Any CPU
		{E5D406D2-BE48-443F-8A64-EBD7DA1E7850}.Release|Any CPU.ActiveCfg = Release|Any CPU
		{E5D406D2-BE48-443F-8A64-EBD7DA1E7850}.Release|Any CPU.Build.0 = Release|Any CPU
		{817D6B2D-F103-4D17-8F29-ADA07C5D66C3}.Debug|Any CPU.ActiveCfg = Debug|Any CPU
		{817D6B2D-F103-4D17-8F29-ADA07C5D66C3}.Debug|Any CPU.Build.0 = Debug|Any CPU
		{817D6B2D-F103-4D17-8F29-ADA07C5D66C3}.Release|Any CPU.ActiveCfg = Release|Any CPU
		{817D6B2D-F103-4D17-8F29-ADA07C5D66C3}.Release|Any CPU.Build.0 = Release|Any CPU
	EndGlobalSection
	GlobalSection(SolutionProperties) = preSolution
		HideSolutionNode = FALSE
	EndGlobalSection
	GlobalSection(ExtensibilityGlobals) = postSolution
		SolutionGuid = {2761420C-5C14-488D-8AD1-56C3F41F208D}
	EndGlobalSection
EndGlobal
